
Microsoft Visual Studio Solution File, Format Version 12.00
# Visual Studio 2013
VisualStudioVersion = 12.0.30110.0
MinimumVisualStudioVersion = 10.0.40219.1
Project("{FAE04EC0-301F-11D3-BF4B-00C04F79EFBC}") = "Protokolsystem", "Protokolsystem\Protokolsystem.csproj", "{6F2B2ED5-71C6-462B-8A4F-6756E8027124}"
EndProject
Global
	GlobalSection(TeamFoundationVersionControl) = preSolution
		SccNumberOfProjects = 2
		SccEnterpriseProvider = {4CA58AB2-18FA-4F8D-95D4-32DDF27D184C}
		SccTeamFoundationServer = http://edelskjold.dk:8080/tfs/defaultcollection
		SccLocalPath0 = .
		SccProjectUniqueName1 = Protokolsystem\\Protokolsystem.csproj
		SccProjectName1 = Protokolsystem
		SccLocalPath1 = Protokolsystem
	EndGlobalSection
	GlobalSection(SolutionConfigurationPlatforms) = preSolution
		Debug|Any CPU = Debug|Any CPU
		Release|Any CPU = Release|Any CPU
	EndGlobalSection
	GlobalSection(ProjectConfigurationPlatforms) = postSolution
		{6F2B2ED5-71C6-462B-8A4F-6756E8027124}.Debug|Any CPU.ActiveCfg = Debug|Any CPU
		{6F2B2ED5-71C6-462B-8A4F-6756E8027124}.Debug|Any CPU.Build.0 = Debug|Any CPU
		{6F2B2ED5-71C6-462B-8A4F-6756E8027124}.Release|Any CPU.ActiveCfg = Release|Any CPU
		{6F2B2ED5-71C6-462B-8A4F-6756E8027124}.Release|Any CPU.Build.0 = Release|Any CPU
	EndGlobalSection
	GlobalSection(SolutionProperties) = preSolution
		HideSolutionNode = FALSE
	EndGlobalSection
EndGlobal
